<?xml version="1.0" encoding="utf-8"?>
<Project ToolsVersion="4.0" xmlns="http://schemas.microsoft.com/developer/msbuild/2003">
  <ItemGroup>
    <Filter Include="소스 파일">
      <UniqueIdentifier>{4FC737F1-C7A5-4376-A066-2A32D752A2FF}</UniqueIdentifier>
      <Extensions>cpp;c;cc;cxx;def;odl;idl;hpj;bat;asm;asmx</Extensions>
    </Filter>
    <Filter Include="헤더 파일">
      <UniqueIdentifier>{93995380-89BD-4b04-88EB-625FBE52EBFB}</UniqueIdentifier>
      <Extensions>h;hh;hpp;hxx;hm;inl;inc;xsd</Extensions>
    </Filter>
    <Filter Include="리소스 파일">
      <UniqueIdentifier>{67DA6AB6-F800-4c08-8B7A-83BB121AAD01}</UniqueIdentifier>
      <Extensions>rc;ico;cur;bmp;dlg;rc2;rct;bin;rgs;gif;jpg;jpeg;jpe;resx;tiff;tif;png;wav;mfcribbon-ms</Extensions>
    </Filter>
    <Filter Include="00. FrameWnd">
      <UniqueIdentifier>{6924487f-c00e-4daa-9c3d-dcb225ff9959}</UniqueIdentifier>
    </Filter>
    <Filter Include="01. View">
      <UniqueIdentifier>{d59694ed-417f-40f8-b3d7-5657f30d7dd0}</UniqueIdentifier>
    </Filter>
    <Filter Include="02. Document">
      <UniqueIdentifier>{abbad3c5-af53-4cb0-be3f-abea84556ee9}</UniqueIdentifier>
    </Filter>
    <Filter Include="03. Game">
      <UniqueIdentifier>{c8b53e5a-89c0-4119-8ab9-e23756836c2b}</UniqueIdentifier>
    </Filter>
    <Filter Include="03. Game\00. MainGame">
      <UniqueIdentifier>{b8291829-e299-4bdf-a49f-06ad502e1681}</UniqueIdentifier>
    </Filter>
    <Filter Include="03. Game\99. Header">
      <UniqueIdentifier>{a4d6940f-befd-452f-b4d7-d502f887bbeb}</UniqueIdentifier>
    </Filter>
    <Filter Include="03. Game\98. Manager">
      <UniqueIdentifier>{56cc5d83-afaa-4d40-8bad-07094109a9ca}</UniqueIdentifier>
    </Filter>
    <Filter Include="03. Game\01. Obj">
      <UniqueIdentifier>{1b65feae-7b0f-455a-a926-e2e6da4f55c6}</UniqueIdentifier>
    </Filter>
    <Filter Include="03. Game\02. Scene">
      <UniqueIdentifier>{0061209b-69dc-4d50-83d3-0f290679514c}</UniqueIdentifier>
    </Filter>
    <Filter Include="03. Game\01. Obj\00. Player">
      <UniqueIdentifier>{5deb0b8d-a6cd-48de-a47e-5a62d66445bb}</UniqueIdentifier>
    </Filter>
    <Filter Include="03. Game\01. Obj\00. Player\00. F S P">
      <UniqueIdentifier>{f87e2951-809c-4549-9219-72a30b9e4f1a}</UniqueIdentifier>
    </Filter>
    <Filter Include="03. Game\98. Manager\00. ScrollMgr">
      <UniqueIdentifier>{8d65b7d1-ced8-4d1b-8293-6d1ee67451c8}</UniqueIdentifier>
    </Filter>
    <Filter Include="03. Game\98. Manager\01. KeyMgr">
      <UniqueIdentifier>{182c6560-d040-4660-8725-9f113ef420a7}</UniqueIdentifier>
    </Filter>
    <Filter Include="03. Game\98. Manager\02. RenderMgr">
      <UniqueIdentifier>{a255b892-b62a-4b98-8c5d-7d355c4431ec}</UniqueIdentifier>
    </Filter>
    <Filter Include="03. Game\98. Manager\03. SceneMgr">
      <UniqueIdentifier>{9ab14371-7772-4894-965a-978b27d9c8e2}</UniqueIdentifier>
    </Filter>
    <Filter Include="03. Game\02. Scene\01.Seni">
      <UniqueIdentifier>{f3b53b74-aa3b-40d5-8426-4f6174ae106b}</UniqueIdentifier>
    </Filter>
    <Filter Include="03. Game\02. Scene\00. Brawl Stars">
      <UniqueIdentifier>{4f329c8e-edce-4b6c-b73b-a18ddf5f4425}</UniqueIdentifier>
    <Filter Include="03. Game\02. Scene\02.J">
      <UniqueIdentifier>{c2083fa7-b42a-4cb0-b307-91086b697e23}</UniqueIdentifier>
    </Filter>
  </ItemGroup>
  <ItemGroup>
    <Text Include="ReadMe.txt" />
  </ItemGroup>
  <ItemGroup>
    <ClInclude Include="4_TeamClient.h">
      <Filter>헤더 파일</Filter>
    </ClInclude>
    <ClInclude Include="stdafx.h">
      <Filter>헤더 파일</Filter>
    </ClInclude>
    <ClInclude Include="targetver.h">
      <Filter>헤더 파일</Filter>
    </ClInclude>
    <ClInclude Include="Resource.h">
      <Filter>헤더 파일</Filter>
    </ClInclude>
    <ClInclude Include="MainFrm.h">
      <Filter>00. FrameWnd</Filter>
    </ClInclude>
    <ClInclude Include="4_TeamClientView.h">
      <Filter>01. View</Filter>
    </ClInclude>
    <ClInclude Include="4_TeamClientDoc.h">
      <Filter>02. Document</Filter>
    </ClInclude>
    <ClInclude Include="MainGame.h">
      <Filter>03. Game\00. MainGame</Filter>
    </ClInclude>
    <ClInclude Include="Enum.h">
      <Filter>03. Game\99. Header</Filter>
    </ClInclude>
    <ClInclude Include="Include.h">
      <Filter>03. Game\99. Header</Filter>
    </ClInclude>
    <ClInclude Include="Define.h">
      <Filter>03. Game\99. Header</Filter>
    </ClInclude>
    <ClInclude Include="Struct.h">
      <Filter>03. Game\99. Header</Filter>
    </ClInclude>
    <ClInclude Include="Functor.h">
      <Filter>03. Game\99. Header</Filter>
    </ClInclude>
    <ClInclude Include="Obj.h">
      <Filter>03. Game\01. Obj</Filter>
    </ClInclude>
    <ClInclude Include="RenderMgr.h">
      <Filter>03. Game\98. Manager\02. RenderMgr</Filter>
    </ClInclude>
    <ClInclude Include="KeyMgr.h">
      <Filter>03. Game\98. Manager\01. KeyMgr</Filter>
    </ClInclude>
    <ClInclude Include="ScrollMgr.h">
      <Filter>03. Game\98. Manager\00. ScrollMgr</Filter>
    </ClInclude>
    <ClInclude Include="SceneMgr.h">
      <Filter>03. Game\98. Manager\03. SceneMgr</Filter>
    </ClInclude>
    <ClInclude Include="Scene.h">
      <Filter>03. Game\02. Scene</Filter>
    </ClInclude>
    <ClInclude Include="Fortress.h">
      <Filter>03. Game\02. Scene\02.J</Filter>
    </ClInclude>
  </ItemGroup>
  <ItemGroup>
    <ClCompile Include="4_TeamClient.cpp">
      <Filter>소스 파일</Filter>
    </ClCompile>
    <ClCompile Include="stdafx.cpp">
      <Filter>소스 파일</Filter>
    </ClCompile>
    <ClCompile Include="MainFrm.cpp">
      <Filter>00. FrameWnd</Filter>
    </ClCompile>
    <ClCompile Include="4_TeamClientView.cpp">
      <Filter>01. View</Filter>
    </ClCompile>
    <ClCompile Include="4_TeamClientDoc.cpp">
      <Filter>02. Document</Filter>
    </ClCompile>
    <ClCompile Include="MainGame.cpp">
      <Filter>03. Game\00. MainGame</Filter>
    </ClCompile>
    <ClCompile Include="Obj.cpp">
      <Filter>03. Game\01. Obj</Filter>
    </ClCompile>
    <ClCompile Include="RenderMgr.cpp">
      <Filter>03. Game\98. Manager\02. RenderMgr</Filter>
    </ClCompile>
    <ClCompile Include="KeyMgr.cpp">
      <Filter>03. Game\98. Manager\01. KeyMgr</Filter>
    </ClCompile>
    <ClCompile Include="ScrollMgr.cpp">
      <Filter>03. Game\98. Manager\00. ScrollMgr</Filter>
    </ClCompile>
    <ClCompile Include="SceneMgr.cpp">
      <Filter>03. Game\98. Manager\03. SceneMgr</Filter>
    </ClCompile>
    <ClCompile Include="Scene.cpp">
      <Filter>03. Game\02. Scene</Filter>
    </ClCompile>
    <ClCompile Include="Fortress.cpp">
      <Filter>03. Game\02. Scene\02.J</Filter>
    </ClCompile>
  </ItemGroup>
  <ItemGroup>
    <ResourceCompile Include="4_TeamClient.rc">
      <Filter>리소스 파일</Filter>
    </ResourceCompile>
  </ItemGroup>
  <ItemGroup>
    <None Include="res\My4_TeamClient.rc2">
      <Filter>리소스 파일</Filter>
    </None>
  </ItemGroup>
  <ItemGroup>
    <Image Include="res\4_TeamClientDoc.ico">
      <Filter>리소스 파일</Filter>
    </Image>
    <Image Include="res\4_TeamClient.ico">
      <Filter>리소스 파일</Filter>
    </Image>
    <Image Include="res\Toolbar.bmp">
      <Filter>리소스 파일</Filter>
    </Image>
  </ItemGroup>
</Project>