<?xml version="1.0" encoding="utf-8"?>
<Project ToolsVersion="4.0" xmlns="http://schemas.microsoft.com/developer/msbuild/2003">
  <ItemGroup>
    <Filter Include="소스 파일">
      <UniqueIdentifier>{4FC737F1-C7A5-4376-A066-2A32D752A2FF}</UniqueIdentifier>
      <Extensions>cpp;c;cc;cxx;def;odl;idl;hpj;bat;asm;asmx</Extensions>
    </Filter>
    <Filter Include="헤더 파일">
      <UniqueIdentifier>{93995380-89BD-4b04-88EB-625FBE52EBFB}</UniqueIdentifier>
      <Extensions>h;hh;hpp;hxx;hm;inl;inc;xsd</Extensions>
    </Filter>
    <Filter Include="리소스 파일">
      <UniqueIdentifier>{67DA6AB6-F800-4c08-8B7A-83BB121AAD01}</UniqueIdentifier>
      <Extensions>rc;ico;cur;bmp;dlg;rc2;rct;bin;rgs;gif;jpg;jpeg;jpe;resx;tiff;tif;png;wav;mfcribbon-ms</Extensions>
    </Filter>
    <Filter Include="00. FrameWnd">
      <UniqueIdentifier>{6924487f-c00e-4daa-9c3d-dcb225ff9959}</UniqueIdentifier>
    </Filter>
    <Filter Include="01. View">
      <UniqueIdentifier>{d59694ed-417f-40f8-b3d7-5657f30d7dd0}</UniqueIdentifier>
    </Filter>
    <Filter Include="02. Document">
      <UniqueIdentifier>{abbad3c5-af53-4cb0-be3f-abea84556ee9}</UniqueIdentifier>
    </Filter>
    <Filter Include="03. Game">
      <UniqueIdentifier>{c8b53e5a-89c0-4119-8ab9-e23756836c2b}</UniqueIdentifier>
    </Filter>
    <Filter Include="03. Game\00. MainGame">
      <UniqueIdentifier>{b8291829-e299-4bdf-a49f-06ad502e1681}</UniqueIdentifier>
    </Filter>
    <Filter Include="03. Game\98. Manager">
      <UniqueIdentifier>{56cc5d83-afaa-4d40-8bad-07094109a9ca}</UniqueIdentifier>
    </Filter>
    <Filter Include="03. Game\01. Obj">
      <UniqueIdentifier>{1b65feae-7b0f-455a-a926-e2e6da4f55c6}</UniqueIdentifier>
    </Filter>
    <Filter Include="03. Game\02. Scene">
      <UniqueIdentifier>{0061209b-69dc-4d50-83d3-0f290679514c}</UniqueIdentifier>
    </Filter>
    <Filter Include="03. Game\01. Obj\00. Player">
      <UniqueIdentifier>{5deb0b8d-a6cd-48de-a47e-5a62d66445bb}</UniqueIdentifier>
    </Filter>
    <Filter Include="03. Game\98. Manager\00. ScrollMgr">
      <UniqueIdentifier>{8d65b7d1-ced8-4d1b-8293-6d1ee67451c8}</UniqueIdentifier>
    </Filter>
    <Filter Include="03. Game\98. Manager\01. KeyMgr">
      <UniqueIdentifier>{182c6560-d040-4660-8725-9f113ef420a7}</UniqueIdentifier>
    </Filter>
    <Filter Include="03. Game\98. Manager\02. RenderMgr">
      <UniqueIdentifier>{a255b892-b62a-4b98-8c5d-7d355c4431ec}</UniqueIdentifier>
    </Filter>
    <Filter Include="03. Game\98. Manager\03. SceneMgr">
      <UniqueIdentifier>{9ab14371-7772-4894-965a-978b27d9c8e2}</UniqueIdentifier>
    </Filter>
    <Filter Include="03. Game\02. Scene\02.J">
      <UniqueIdentifier>{c2083fa7-b42a-4cb0-b307-91086b697e23}</UniqueIdentifier>
    </Filter>
    <Filter Include="03. Game\02. Scene\03. ZeldaScene">
      <UniqueIdentifier>{dfeb208e-eb00-45c3-9de8-95387dacfe4d}</UniqueIdentifier>
    </Filter>
    <Filter Include="03. Game\01. Obj\00. Player\03. ZeldaPlayer">
      <UniqueIdentifier>{47560078-f5b2-4493-874a-8b64bd6b241c}</UniqueIdentifier>
    </Filter>
    <Filter Include="03. Game\02. Scene\00. Brawl_Stars_Scene">
      <UniqueIdentifier>{4f329c8e-edce-4b6c-b73b-a18ddf5f4425}</UniqueIdentifier>
    </Filter>
    <Filter Include="03. Game\01. Obj\00. Player\01. Momodora">
      <UniqueIdentifier>{2cca4868-4de7-4db9-8c2e-4d7e603cb21c}</UniqueIdentifier>
    </Filter>
    <Filter Include="03. Game\02. Scene\01. Momodora">
      <UniqueIdentifier>{30ae3ab7-2ef0-4ee9-bc74-4d61918ef20e}</UniqueIdentifier>
    </Filter>
    <Filter Include="03. Game\02. Scene\04. ZeldaEditScene">
      <UniqueIdentifier>{e069d298-e6ac-4eca-9a69-4d466468867f}</UniqueIdentifier>
    </Filter>
    <Filter Include="03. Game\01. Obj\01. Other_Object">
      <UniqueIdentifier>{25773140-11a0-47af-b3a5-7da332bd8de4}</UniqueIdentifier>
    </Filter>
    <Filter Include="03. Game\01. Obj\01. Other_Object\03. Zelda_Obj">
      <UniqueIdentifier>{655f64a5-1569-4262-b76a-4747ed9dde37}</UniqueIdentifier>
    </Filter>
    <Filter Include="03. Game\01. Obj\01. Other_Object\03. Zelda_Obj\00. Zelda_Wall">
      <UniqueIdentifier>{03b6e0b8-f11d-46ff-8265-c08434de340b}</UniqueIdentifier>
    </Filter>
    <Filter Include="03. Game\01. Obj\01. Other_Object\03. Zelda_Obj\01. Zelda_Stone">
      <UniqueIdentifier>{efbcd501-3cb6-4ea7-af91-4b4882e65c61}</UniqueIdentifier>
    </Filter>
    <Filter Include="03. Game\97. Factory">
      <UniqueIdentifier>{c8243be7-c861-4897-bf9f-abd78617bfc0}</UniqueIdentifier>
    </Filter>
    <Filter Include="03. Game\01. Obj\01. Other_Object\03. Zelda_Obj\02. Zelda_Button">
      <UniqueIdentifier>{11b469b7-79f7-49c1-800a-3814366f0700}</UniqueIdentifier>
    </Filter>
    <Filter Include="03. Game\01. Obj\01. Other_Object\01.Momo_Obj">
      <UniqueIdentifier>{3b8bd7b0-b2b5-44c2-882f-e2a0fcccaa25}</UniqueIdentifier>
    </Filter>
    <Filter Include="03. Game\98. Manager\04. Device">
      <UniqueIdentifier>{b24231b7-cd74-42aa-92cc-8137d5e7efa6}</UniqueIdentifier>
    </Filter>
    <Filter Include="03. Game\98. Manager\05.LineMgr">
      <UniqueIdentifier>{cff18bf5-6afc-4854-a449-1510ff07a831}</UniqueIdentifier>
    </Filter>
    <Filter Include="03. Game\97. Factory\03. ZeldaFactory">
      <UniqueIdentifier>{15a246aa-f667-4c51-b894-936245fe7d5d}</UniqueIdentifier>
    </Filter>
    <Filter Include="03. Game\01. Obj\00. Player\04. FlashmanPlayer">
      <UniqueIdentifier>{f458c7a7-27cf-4b76-bfaa-ead544b0941f}</UniqueIdentifier>
    </Filter>
    <Filter Include="03. Game\01. Obj\00. Player\04. FlashmanPlayer\00. Red">
      <UniqueIdentifier>{fe93fc1f-f894-4760-a7ee-696432f4b11d}</UniqueIdentifier>
    </Filter>
    <Filter Include="03. Game\01. Obj\00. Player\04. FlashmanPlayer\01. Blue">
      <UniqueIdentifier>{ef280b15-ebcd-4db7-bf64-aee3f458ba88}</UniqueIdentifier>
    </Filter>
    <Filter Include="03. Game\01. Obj\00. Player\04. FlashmanPlayer\02. Yellow">
      <UniqueIdentifier>{8ba47234-e0d2-462e-a83c-38e271128e73}</UniqueIdentifier>
    </Filter>
    <Filter Include="03. Game\02. Scene\05. FlashmanScene">
      <UniqueIdentifier>{f8985378-5fcb-4708-85d9-9826deca60e7}</UniqueIdentifier>
    </Filter>
    <Filter Include="03. Game\01. Obj\01. Other_Object\00. Brawl_Obj">
      <UniqueIdentifier>{d8c99e9e-e316-42d9-a148-9e146b4278fd}</UniqueIdentifier>
    </Filter>
    <Filter Include="03. Game\01. Obj\01. Other_Object\00. Brawl_Obj\00. Brawl_Stars_Monster">
      <UniqueIdentifier>{706c6d0d-dec1-43c8-81e3-720e07f6373c}</UniqueIdentifier>
    </Filter>
    <Filter Include="03. Game\01. Obj\00. Player\00. Brawl_Stars">
      <UniqueIdentifier>{06af57ca-0612-47a4-8a5d-58b562a8bb12}</UniqueIdentifier>
    </Filter>
    <Filter Include="03. Game\01. Obj\00. Player\00. Brawl_Stars\00. Brawl_Stars_Player">
      <UniqueIdentifier>{f87e2951-809c-4549-9219-72a30b9e4f1a}</UniqueIdentifier>
    </Filter>
    <Filter Include="03. Game\01. Obj\00. Player\00. Brawl_Stars\01. Brawl_Stars_Bullet">
      <UniqueIdentifier>{9f381b01-b517-4bfa-9a59-2d297459765a}</UniqueIdentifier>
    </Filter>
    <Filter Include="03. Game\01. Obj\01. Other_Object\00. Brawl_Obj\01. Brawl_Stars_Block">
      <UniqueIdentifier>{4822b057-e117-4c71-939e-3e617e7fd17f}</UniqueIdentifier>
    </Filter>
    <Filter Include="03. Game\01. Obj\01. Other_Object\00. Brawl_Obj\01. Brawl_Stars_Block\BlockMgr">
      <UniqueIdentifier>{3e5df066-7229-484e-86a5-6f80fcd1c28c}</UniqueIdentifier>
    </Filter>
    <Filter Include="03. Game\01. Obj\01. Other_Object\00. Brawl_Obj\00. Brawl_Stars_Monster\00. Brawl_Monster_Bullet">
      <UniqueIdentifier>{6086e29e-ac7d-4b00-a9f0-45fef6d625d4}</UniqueIdentifier>
    </Filter>
    <Filter Include="03. Game\01. Obj\01. Other_Object\01.Momo_Obj\00. Weapon">
      <UniqueIdentifier>{6cb8f9b6-32dc-4b71-8d64-05f46ed8325a}</UniqueIdentifier>
    </Filter>
    <Filter Include="03. Game\01. Obj\01. Other_Object\04. Flashman_Obj">
      <UniqueIdentifier>{6f15ad58-b260-406c-a6e2-401601c6ceec}</UniqueIdentifier>
    </Filter>
    <Filter Include="03. Game\01. Obj\01. Other_Object\04. Flashman_Obj\00. Waepon">
      <UniqueIdentifier>{cb7e6887-fe19-4ce2-9f05-d9125a0e6c63}</UniqueIdentifier>
    </Filter>
    <Filter Include="03. Game\98. Manager\06. TextureMgr">
      <UniqueIdentifier>{5b9e2722-0016-40e7-b42e-867b67e93e8b}</UniqueIdentifier>
    </Filter>
    <Filter Include="03. Game\98. Manager\06. TextureMgr\00. Texture">
      <UniqueIdentifier>{a83c47df-9a26-4532-b2fa-ff90603b7533}</UniqueIdentifier>
    </Filter>
    <Filter Include="03. Game\98. Manager\06. TextureMgr\00. Texture\00. Single">
      <UniqueIdentifier>{47a27a34-6f0e-4e41-9ba6-28c46381db65}</UniqueIdentifier>
    </Filter>
    <Filter Include="03. Game\98. Manager\06. TextureMgr\00. Texture\01. Multi">
      <UniqueIdentifier>{6880b040-734d-4ca7-9c43-4959d8cb4bfa}</UniqueIdentifier>
    </Filter>
    <Filter Include="03. Game\01. Obj\01. Other_Object\02. Fortress_Obj">
      <UniqueIdentifier>{ebab9d78-405d-4d93-a9fb-306dcb379de5}</UniqueIdentifier>
    </Filter>
    <Filter Include="03. Game\01. Obj\01. Other_Object\02. Fortress_Obj\00. Fortress_Monster">
      <UniqueIdentifier>{1e1bddeb-a855-4b1f-b62d-0c7530f424bd}</UniqueIdentifier>
    </Filter>
    <Filter Include="03. Game\01. Obj\00. Player\02. ForPlayer">
      <UniqueIdentifier>{7c57f0c7-2d5d-4572-a770-54029035525b}</UniqueIdentifier>
    </Filter>
    <Filter Include="03. Game\01. Obj\01. Other_Object\02. Fortress_Obj\01. Fortress_Monster_Bullet">
      <UniqueIdentifier>{6ee45655-c669-4591-8a3a-caf33313142f}</UniqueIdentifier>
    </Filter>
    <Filter Include="03. Game\97. Factory\00. BrawlFactory">
      <UniqueIdentifier>{a4526d20-78b1-44e4-b0aa-0301b3dc6277}</UniqueIdentifier>
    </Filter>
    <Filter Include="03. Game\97. Factory\02. FortressFactory">
      <UniqueIdentifier>{d1c01ff8-b22e-4242-8e0e-f804915d2c55}</UniqueIdentifier>
    </Filter>
    <Filter Include="03. Game\01. Obj\01. Other_Object\02. Fortress_Obj\02. Fortress_Bullet_Effect">
      <UniqueIdentifier>{2b174abb-0be0-45f1-9925-f07dd15f63ee}</UniqueIdentifier>
    </Filter>
    <Filter Include="03. Game\01. Obj\01. Other_Object\02. Fortress_Obj\03. Fortress_UI">
      <UniqueIdentifier>{cb66410c-b25d-405b-a425-d3393b06937e}</UniqueIdentifier>
    </Filter>
    <Filter Include="03. Game\98. Manager\07. CameraMgr">
      <UniqueIdentifier>{429af77e-071b-47b9-8ab5-d427614268e8}</UniqueIdentifier>
    </Filter>
  </ItemGroup>
  <ItemGroup>
    <Text Include="ReadMe.txt" />
  </ItemGroup>
  <ItemGroup>
    <ClInclude Include="4_TeamClient.h">
      <Filter>헤더 파일</Filter>
    </ClInclude>
    <ClInclude Include="stdafx.h">
      <Filter>헤더 파일</Filter>
    </ClInclude>
    <ClInclude Include="targetver.h">
      <Filter>헤더 파일</Filter>
    </ClInclude>
    <ClInclude Include="Resource.h">
      <Filter>헤더 파일</Filter>
    </ClInclude>
    <ClInclude Include="MainFrm.h">
      <Filter>00. FrameWnd</Filter>
    </ClInclude>
    <ClInclude Include="4_TeamClientView.h">
      <Filter>01. View</Filter>
    </ClInclude>
    <ClInclude Include="4_TeamClientDoc.h">
      <Filter>02. Document</Filter>
    </ClInclude>
    <ClInclude Include="MainGame.h">
      <Filter>03. Game\00. MainGame</Filter>
    </ClInclude>
    <ClInclude Include="Obj.h">
      <Filter>03. Game\01. Obj</Filter>
    </ClInclude>
    <ClInclude Include="RenderMgr.h">
      <Filter>03. Game\98. Manager\02. RenderMgr</Filter>
    </ClInclude>
    <ClInclude Include="KeyMgr.h">
      <Filter>03. Game\98. Manager\01. KeyMgr</Filter>
    </ClInclude>
    <ClInclude Include="ScrollMgr.h">
      <Filter>03. Game\98. Manager\00. ScrollMgr</Filter>
    </ClInclude>
    <ClInclude Include="SceneMgr.h">
      <Filter>03. Game\98. Manager\03. SceneMgr</Filter>
    </ClInclude>
    <ClInclude Include="Scene.h">
      <Filter>03. Game\02. Scene</Filter>
    </ClInclude>
    <ClInclude Include="Fortress.h">
      <Filter>03. Game\02. Scene\02.J</Filter>
    </ClInclude>
    <ClInclude Include="ZeldaScene.h">
      <Filter>03. Game\02. Scene\03. ZeldaScene</Filter>
    </ClInclude>
    <ClInclude Include="Player.h">
      <Filter>03. Game\01. Obj\00. Player</Filter>
    </ClInclude>
    <ClInclude Include="ZeldaPlayer.h">
      <Filter>03. Game\01. Obj\00. Player\03. ZeldaPlayer</Filter>
    </ClInclude>
    <ClInclude Include="Brawl_Stars_Scene.h">
      <Filter>03. Game\02. Scene\00. Brawl_Stars_Scene</Filter>
    </ClInclude>
    <ClInclude Include="Brawl_Stars_Player.h">
      <Filter>03. Game\01. Obj\00. Player\00. Brawl_Stars\00. Brawl_Stars_Player</Filter>
    </ClInclude>
    <ClInclude Include="Momodora.h">
      <Filter>03. Game\02. Scene\01. Momodora</Filter>
    </ClInclude>
    <ClInclude Include="MomodoraPlayer.h">
      <Filter>03. Game\01. Obj\00. Player\01. Momodora</Filter>
    </ClInclude>
    <ClInclude Include="ZeldaEditScene.h">
      <Filter>03. Game\02. Scene\04. ZeldaEditScene</Filter>
    </ClInclude>
    <ClInclude Include="Zelda_Obj.h">
      <Filter>03. Game\01. Obj\01. Other_Object\03. Zelda_Obj</Filter>
    </ClInclude>
    <ClInclude Include="Zelda_Wall.h">
      <Filter>03. Game\01. Obj\01. Other_Object\03. Zelda_Obj\00. Zelda_Wall</Filter>
    </ClInclude>
    <ClInclude Include="Zelda_Stone.h">
      <Filter>03. Game\01. Obj\01. Other_Object\03. Zelda_Obj\01. Zelda_Stone</Filter>
    </ClInclude>
    <ClInclude Include="Brawl_Stars_Bullet.h">
      <Filter>03. Game\01. Obj\00. Player\00. Brawl_Stars\01. Brawl_Stars_Bullet</Filter>
    </ClInclude>
    <ClInclude Include="JunPlayer.h">
      <Filter>03. Game\01. Obj\00. Player\02. ForPlayer</Filter>
    </ClInclude>
    <ClInclude Include="JunBullet.h">
      <Filter>03. Game\02. Scene\02.J</Filter>
    </ClInclude>
    <ClInclude Include="Zelda_Button.h">
      <Filter>03. Game\01. Obj\01. Other_Object\03. Zelda_Obj\02. Zelda_Button</Filter>
    </ClInclude>
    <ClInclude Include="Device.h">
      <Filter>03. Game\98. Manager\04. Device</Filter>
    </ClInclude>
    <ClInclude Include="MomoBullet.h">
      <Filter>03. Game\01. Obj\01. Other_Object\01.Momo_Obj\00. Weapon</Filter>
    </ClInclude>
    <ClInclude Include="MomoGun.h">
      <Filter>03. Game\01. Obj\01. Other_Object\01.Momo_Obj\00. Weapon</Filter>
    </ClInclude>
    <ClInclude Include="MomoSword.h">
      <Filter>03. Game\01. Obj\01. Other_Object\01.Momo_Obj\00. Weapon</Filter>
    </ClInclude>
    <ClInclude Include="Momo_Obj.h">
      <Filter>03. Game\01. Obj\01. Other_Object\01.Momo_Obj</Filter>
    </ClInclude>
    <ClInclude Include="MomoDoraMgr.h">
      <Filter>03. Game\01. Obj\01. Other_Object\01.Momo_Obj</Filter>
    </ClInclude>
    <ClInclude Include="MomoAbstractFactory.h">
      <Filter>03. Game\01. Obj\01. Other_Object\01.Momo_Obj</Filter>
    </ClInclude>
    <ClInclude Include="ZeldaFactory.h">
      <Filter>03. Game\97. Factory\03. ZeldaFactory</Filter>
    </ClInclude>
    <ClInclude Include="FlashmanPlayer.h">
      <Filter>03. Game\01. Obj\00. Player\04. FlashmanPlayer</Filter>
    </ClInclude>
    <ClInclude Include="LineMgr.h">
      <Filter>03. Game\98. Manager\05.LineMgr</Filter>
    </ClInclude>
    <ClInclude Include="Line.h">
      <Filter>03. Game\98. Manager\05.LineMgr</Filter>
    </ClInclude>
    <ClInclude Include="FlashmanBlue.h">
      <Filter>03. Game\01. Obj\00. Player\04. FlashmanPlayer\01. Blue</Filter>
    </ClInclude>
    <ClInclude Include="FlashmanRed.h">
      <Filter>03. Game\01. Obj\00. Player\04. FlashmanPlayer\00. Red</Filter>
    </ClInclude>
    <ClInclude Include="FlashmanYellow.h">
      <Filter>03. Game\01. Obj\00. Player\04. FlashmanPlayer\02. Yellow</Filter>
    </ClInclude>
    <ClInclude Include="FlashmanScene.h">
      <Filter>03. Game\02. Scene\05. FlashmanScene</Filter>
    </ClInclude>
    <ClInclude Include="Brawl_Stars_Monster.h">
      <Filter>03. Game\01. Obj\01. Other_Object\00. Brawl_Obj\00. Brawl_Stars_Monster</Filter>
    </ClInclude>
    <ClInclude Include="Brawl_Stars_Block.h">
      <Filter>03. Game\01. Obj\01. Other_Object\00. Brawl_Obj\01. Brawl_Stars_Block</Filter>
    </ClInclude>
    <ClInclude Include="BlockMgr.h">
      <Filter>03. Game\01. Obj\01. Other_Object\00. Brawl_Obj\01. Brawl_Stars_Block\BlockMgr</Filter>
    </ClInclude>
    <ClInclude Include="Brawl_Monster_Bullet.h">
      <Filter>03. Game\01. Obj\01. Other_Object\00. Brawl_Obj\00. Brawl_Stars_Monster\00. Brawl_Monster_Bullet</Filter>
    </ClInclude>
    <ClInclude Include="TextureMgr.h">
      <Filter>03. Game\98. Manager\06. TextureMgr</Filter>
    </ClInclude>
    <ClInclude Include="Texture.h">
      <Filter>03. Game\98. Manager\06. TextureMgr\00. Texture</Filter>
    </ClInclude>
    <ClInclude Include="MultiTexture.h">
      <Filter>03. Game\98. Manager\06. TextureMgr\00. Texture\01. Multi</Filter>
    </ClInclude>
    <ClInclude Include="SingleTexture.h">
      <Filter>03. Game\98. Manager\06. TextureMgr\00. Texture\00. Single</Filter>
    </ClInclude>
    <ClInclude Include="Fortress_Monster.h">
      <Filter>03. Game\01. Obj\01. Other_Object\02. Fortress_Obj\00. Fortress_Monster</Filter>
    </ClInclude>
    <ClInclude Include="Fortress_Monster_Bullet.h">
      <Filter>03. Game\01. Obj\01. Other_Object\02. Fortress_Obj\01. Fortress_Monster_Bullet</Filter>
    </ClInclude>
    <ClInclude Include="BrawlFactory.h">
      <Filter>03. Game\97. Factory\00. BrawlFactory</Filter>
    </ClInclude>
    <ClInclude Include="FortressFactory.h">
      <Filter>03. Game\97. Factory\02. FortressFactory</Filter>
    </ClInclude>
    <ClInclude Include="Fortress_Bullet_Effect.h">
      <Filter>03. Game\01. Obj\01. Other_Object\02. Fortress_Obj\02. Fortress_Bullet_Effect</Filter>
    </ClInclude>
    <ClInclude Include="Fortress_HPBar.h">
      <Filter>03. Game\01. Obj\01. Other_Object\02. Fortress_Obj\03. Fortress_UI</Filter>
    </ClInclude>
    <ClInclude Include="CameraMgr.h">
      <Filter>03. Game\98. Manager\07. CameraMgr</Filter>
    </ClInclude>
  </ItemGroup>
  <ItemGroup>
    <ClCompile Include="4_TeamClient.cpp">
      <Filter>소스 파일</Filter>
    </ClCompile>
    <ClCompile Include="stdafx.cpp">
      <Filter>소스 파일</Filter>
    </ClCompile>
    <ClCompile Include="MainFrm.cpp">
      <Filter>00. FrameWnd</Filter>
    </ClCompile>
    <ClCompile Include="4_TeamClientView.cpp">
      <Filter>01. View</Filter>
    </ClCompile>
    <ClCompile Include="4_TeamClientDoc.cpp">
      <Filter>02. Document</Filter>
    </ClCompile>
    <ClCompile Include="MainGame.cpp">
      <Filter>03. Game\00. MainGame</Filter>
    </ClCompile>
    <ClCompile Include="Obj.cpp">
      <Filter>03. Game\01. Obj</Filter>
    </ClCompile>
    <ClCompile Include="RenderMgr.cpp">
      <Filter>03. Game\98. Manager\02. RenderMgr</Filter>
    </ClCompile>
    <ClCompile Include="KeyMgr.cpp">
      <Filter>03. Game\98. Manager\01. KeyMgr</Filter>
    </ClCompile>
    <ClCompile Include="ScrollMgr.cpp">
      <Filter>03. Game\98. Manager\00. ScrollMgr</Filter>
    </ClCompile>
    <ClCompile Include="SceneMgr.cpp">
      <Filter>03. Game\98. Manager\03. SceneMgr</Filter>
    </ClCompile>
    <ClCompile Include="Scene.cpp">
      <Filter>03. Game\02. Scene</Filter>
    </ClCompile>
    <ClCompile Include="Fortress.cpp">
      <Filter>03. Game\02. Scene\02.J</Filter>
    </ClCompile>
    <ClCompile Include="ZeldaScene.cpp">
      <Filter>03. Game\02. Scene\03. ZeldaScene</Filter>
    </ClCompile>
    <ClCompile Include="Player.cpp">
      <Filter>03. Game\01. Obj\00. Player</Filter>
    </ClCompile>
    <ClCompile Include="ZeldaPlayer.cpp">
      <Filter>03. Game\01. Obj\00. Player\03. ZeldaPlayer</Filter>
    </ClCompile>
    <ClCompile Include="Brawl_Stars_Scene.cpp">
      <Filter>03. Game\02. Scene\00. Brawl_Stars_Scene</Filter>
    </ClCompile>
    <ClCompile Include="Brawl_Stars_Player.cpp">
      <Filter>03. Game\01. Obj\00. Player\00. Brawl_Stars\00. Brawl_Stars_Player</Filter>
    </ClCompile>
    <ClCompile Include="Momodora.cpp">
      <Filter>03. Game\02. Scene\01. Momodora</Filter>
    </ClCompile>
    <ClCompile Include="MomodoraPlayer.cpp">
      <Filter>03. Game\01. Obj\00. Player\01. Momodora</Filter>
    </ClCompile>
    <ClCompile Include="ZeldaEditScene.cpp">
      <Filter>03. Game\02. Scene\04. ZeldaEditScene</Filter>
    </ClCompile>
    <ClCompile Include="Zelda_Obj.cpp">
      <Filter>03. Game\01. Obj\01. Other_Object\03. Zelda_Obj</Filter>
    </ClCompile>
    <ClCompile Include="Zelda_Wall.cpp">
      <Filter>03. Game\01. Obj\01. Other_Object\03. Zelda_Obj\00. Zelda_Wall</Filter>
    </ClCompile>
    <ClCompile Include="Zelda_Stone.cpp">
      <Filter>03. Game\01. Obj\01. Other_Object\03. Zelda_Obj\01. Zelda_Stone</Filter>
    </ClCompile>
    <ClCompile Include="Brawl_Stars_Bullet.cpp">
      <Filter>03. Game\01. Obj\00. Player\00. Brawl_Stars\01. Brawl_Stars_Bullet</Filter>
    </ClCompile>
    <ClCompile Include="JunPlayer.cpp">
      <Filter>03. Game\01. Obj\00. Player\02. ForPlayer</Filter>
    </ClCompile>
    <ClCompile Include="JunBullet.cpp">
      <Filter>03. Game\02. Scene\02.J</Filter>
    </ClCompile>
    <ClCompile Include="Zelda_Button.cpp">
      <Filter>03. Game\01. Obj\01. Other_Object\03. Zelda_Obj\02. Zelda_Button</Filter>
    </ClCompile>
    <ClCompile Include="Device.cpp">
      <Filter>03. Game\98. Manager\04. Device</Filter>
    </ClCompile>
    <ClCompile Include="MomoBullet.cpp">
      <Filter>03. Game\01. Obj\01. Other_Object\01.Momo_Obj\00. Weapon</Filter>
    </ClCompile>
    <ClCompile Include="MomoGun.cpp">
      <Filter>03. Game\01. Obj\01. Other_Object\01.Momo_Obj\00. Weapon</Filter>
    </ClCompile>
    <ClCompile Include="MomoSword.cpp">
      <Filter>03. Game\01. Obj\01. Other_Object\01.Momo_Obj\00. Weapon</Filter>
    </ClCompile>
    <ClCompile Include="Momo_Obj.cpp">
      <Filter>03. Game\01. Obj\01. Other_Object\01.Momo_Obj</Filter>
    </ClCompile>
    <ClCompile Include="MomoDoraMgr.cpp">
      <Filter>03. Game\01. Obj\01. Other_Object\01.Momo_Obj</Filter>
    </ClCompile>
    <ClCompile Include="FlashmanPlayer.cpp">
      <Filter>03. Game\01. Obj\00. Player\04. FlashmanPlayer</Filter>
    </ClCompile>
    <ClCompile Include="FlashmanBlue.cpp">
      <Filter>03. Game\01. Obj\00. Player\04. FlashmanPlayer\01. Blue</Filter>
    </ClCompile>
    <ClCompile Include="FlashmanRed.cpp">
      <Filter>03. Game\01. Obj\00. Player\04. FlashmanPlayer\00. Red</Filter>
    </ClCompile>
    <ClCompile Include="FlashmanYellow.cpp">
      <Filter>03. Game\01. Obj\00. Player\04. FlashmanPlayer\02. Yellow</Filter>
    </ClCompile>
    <ClCompile Include="FlashmanScene.cpp">
      <Filter>03. Game\02. Scene\05. FlashmanScene</Filter>
    </ClCompile>
    <ClCompile Include="Brawl_Stars_Monster.cpp">
      <Filter>03. Game\01. Obj\01. Other_Object\00. Brawl_Obj\00. Brawl_Stars_Monster</Filter>
    </ClCompile>
    <ClCompile Include="Brawl_Stars_Block.cpp">
      <Filter>03. Game\01. Obj\01. Other_Object\00. Brawl_Obj\01. Brawl_Stars_Block</Filter>
    </ClCompile>
    <ClCompile Include="BlockMgr.cpp">
      <Filter>03. Game\01. Obj\01. Other_Object\00. Brawl_Obj\01. Brawl_Stars_Block\BlockMgr</Filter>
    </ClCompile>
    <ClCompile Include="Brawl_Monster_Bullet.cpp">
      <Filter>03. Game\01. Obj\01. Other_Object\00. Brawl_Obj\00. Brawl_Stars_Monster\00. Brawl_Monster_Bullet</Filter>
    </ClCompile>
    <ClCompile Include="LineMgr.cpp">
      <Filter>03. Game\98. Manager\05.LineMgr</Filter>
    </ClCompile>
    <ClCompile Include="Line.cpp">
      <Filter>03. Game\98. Manager\05.LineMgr</Filter>
    </ClCompile>
    <ClCompile Include="TextureMgr.cpp">
      <Filter>03. Game\98. Manager\06. TextureMgr</Filter>
    </ClCompile>
    <ClCompile Include="Texture.cpp">
      <Filter>03. Game\98. Manager\06. TextureMgr\00. Texture</Filter>
    </ClCompile>
    <ClCompile Include="MultiTexture.cpp">
      <Filter>03. Game\98. Manager\06. TextureMgr\00. Texture\01. Multi</Filter>
    </ClCompile>
    <ClCompile Include="SingleTexture.cpp">
      <Filter>03. Game\98. Manager\06. TextureMgr\00. Texture\00. Single</Filter>
    </ClCompile>
    <ClCompile Include="Fortress_Monster.cpp">
      <Filter>03. Game\01. Obj\01. Other_Object\02. Fortress_Obj\00. Fortress_Monster</Filter>
    </ClCompile>
    <ClCompile Include="Fortress_Monster_Bullet.cpp">
      <Filter>03. Game\01. Obj\01. Other_Object\02. Fortress_Obj\01. Fortress_Monster_Bullet</Filter>
    </ClCompile>
    <ClCompile Include="Fortress_Bullet_Effect.cpp">
      <Filter>03. Game\01. Obj\01. Other_Object\02. Fortress_Obj\02. Fortress_Bullet_Effect</Filter>
    </ClCompile>
    <ClCompile Include="Fortress_HPBar.cpp">
      <Filter>03. Game\01. Obj\01. Other_Object\02. Fortress_Obj\03. Fortress_UI</Filter>
    </ClCompile>
    <ClCompile Include="CameraMgr.cpp">
      <Filter>03. Game\98. Manager\07. CameraMgr</Filter>
    </ClCompile>
  </ItemGroup>
  <ItemGroup>
    <ResourceCompile Include="4_TeamClient.rc">
      <Filter>리소스 파일</Filter>
    </ResourceCompile>
  </ItemGroup>
  <ItemGroup>
    <None Include="res\My4_TeamClient.rc2">
      <Filter>리소스 파일</Filter>
    </None>
  </ItemGroup>
  <ItemGroup>
    <Image Include="res\4_TeamClientDoc.ico">
      <Filter>리소스 파일</Filter>
    </Image>
    <Image Include="res\4_TeamClient.ico">
      <Filter>리소스 파일</Filter>
    </Image>
    <Image Include="res\Toolbar.bmp">
      <Filter>리소스 파일</Filter>
    </Image>
  </ItemGroup>
</Project>